
Microsoft Visual Studio Solution File, Format Version 12.00
# Visual Studio 15
VisualStudioVersion = 15.0.28307.1000
MinimumVisualStudioVersion = 10.0.40219.1
Project("{FAE04EC0-301F-11D3-BF4B-00C04F79EFBC}") = "Undersoft.Picatch.Agent", "Undersoft.Picatch.Agent\Undersoft.Picatch.Agent.csproj", "{E9243F3C-7590-4A5A-B578-B22EDEE3FD54}"
EndProject
Project("{FAE04EC0-301F-11D3-BF4B-00C04F79EFBC}") = "Undersoft.Picatch.Agent.Cpt.Download", "Undersoft.Picatch.Agent.Cpt.Download\Undersoft.Picatch.Agent.Cpt.Download.csproj", "{468F6F9F-76E8-4111-9355-0CB4EE580CB2}"
EndProject
Project("{FAE04EC0-301F-11D3-BF4B-00C04F79EFBC}") = "Undersoft.Picatch.Agent.Cpt.Upload", "Undersoft.Picatch.Agent.Cpt.Upload\Undersoft.Picatch.Agent.Cpt.Upload.csproj", "{60A402A7-F12C-4216-BDD9-84422E501659}"
EndProject
Project("{FAE04EC0-301F-11D3-BF4B-00C04F79EFBC}") = "Undersoft.Picatch.Agent.Cpt.Inventory", "Undersoft.Picatch.Agent.Cpt.Inventory\Undersoft.Picatch.Agent.Cpt.Inventory.csproj", "{9C21A08F-8622-4C55-9774-91FAABFD89D9}"
EndProject
Global
	GlobalSection(SolutionConfigurationPlatforms) = preSolution
		Debug|Any CPU = Debug|Any CPU
		Release|Any CPU = Release|Any CPU
	EndGlobalSection
	GlobalSection(ProjectConfigurationPlatforms) = postSolution
		{E9243F3C-7590-4A5A-B578-B22EDEE3FD54}.Debug|Any CPU.ActiveCfg = Debug|Any CPU
		{E9243F3C-7590-4A5A-B578-B22EDEE3FD54}.Debug|Any CPU.Build.0 = Debug|Any CPU
		{E9243F3C-7590-4A5A-B578-B22EDEE3FD54}.Debug|Any CPU.Deploy.0 = Debug|Any CPU
		{E9243F3C-7590-4A5A-B578-B22EDEE3FD54}.Release|Any CPU.ActiveCfg = Release|Any CPU
		{E9243F3C-7590-4A5A-B578-B22EDEE3FD54}.Release|Any CPU.Build.0 = Release|Any CPU
		{468F6F9F-76E8-4111-9355-0CB4EE580CB2}.Debug|Any CPU.ActiveCfg = Debug|Any CPU
		{468F6F9F-76E8-4111-9355-0CB4EE580CB2}.Debug|Any CPU.Build.0 = Debug|Any CPU
		{468F6F9F-76E8-4111-9355-0CB4EE580CB2}.Release|Any CPU.ActiveCfg = Release|Any CPU
		{468F6F9F-76E8-4111-9355-0CB4EE580CB2}.Release|Any CPU.Build.0 = Release|Any CPU
		{60A402A7-F12C-4216-BDD9-84422E501659}.Debug|Any CPU.ActiveCfg = Debug|Any CPU
		{60A402A7-F12C-4216-BDD9-84422E501659}.Debug|Any CPU.Build.0 = Debug|Any CPU
		{60A402A7-F12C-4216-BDD9-84422E501659}.Debug|Any CPU.Deploy.0 = Debug|Any CPU
		{60A402A7-F12C-4216-BDD9-84422E501659}.Release|Any CPU.ActiveCfg = Release|Any CPU
		{60A402A7-F12C-4216-BDD9-84422E501659}.Release|Any CPU.Build.0 = Release|Any CPU
		{9C21A08F-8622-4C55-9774-91FAABFD89D9}.Debug|Any CPU.ActiveCfg = Debug|Any CPU
		{9C21A08F-8622-4C55-9774-91FAABFD89D9}.Debug|Any CPU.Build.0 = Debug|Any CPU
		{9C21A08F-8622-4C55-9774-91FAABFD89D9}.Release|Any CPU.ActiveCfg = Release|Any CPU
		{9C21A08F-8622-4C55-9774-91FAABFD89D9}.Release|Any CPU.Build.0 = Release|Any CPU
	EndGlobalSection
	GlobalSection(SolutionProperties) = preSolution
		HideSolutionNode = FALSE
	EndGlobalSection
	GlobalSection(ExtensibilityGlobals) = postSolution
		SolutionGuid = {4E21DE5F-C3EA-437D-B108-1B403E800650}
	EndGlobalSection
EndGlobal
