Microsoft Visual Studio Solution File, Format Version 10.00
# Visual Studio 2008
Project("{FAE04EC0-301F-11D3-BF4B-00C04F79EFBC}") = "Undersoft.Picatch.Client", "Undersoft.Picatch.Client.csproj", "{3247BAA7-5CBA-4224-84C9-6F70CBF8399E}"
EndProject
Project("{B900F1C2-3D47-4FEC-85B3-04AAF18C3634}") = "PICATCH_S", "PICATCH_S\PICATCH_S.vddproj", "{4E66CB8C-8B0C-42C5-BF1F-87977D939B10}"
EndProject
Global
	GlobalSection(SolutionConfigurationPlatforms) = preSolution
		Debug|Any CPU = Debug|Any CPU
		Release|Any CPU = Release|Any CPU
	EndGlobalSection
	GlobalSection(ProjectConfigurationPlatforms) = postSolution
		{3247BAA7-5CBA-4224-84C9-6F70CBF8399E}.Debug|Any CPU.ActiveCfg = Debug|Any CPU
		{3247BAA7-5CBA-4224-84C9-6F70CBF8399E}.Debug|Any CPU.Build.0 = Debug|Any CPU
		{3247BAA7-5CBA-4224-84C9-6F70CBF8399E}.Debug|Any CPU.Deploy.0 = Debug|Any CPU
		{3247BAA7-5CBA-4224-84C9-6F70CBF8399E}.Release|Any CPU.ActiveCfg = Release|Any CPU
		{3247BAA7-5CBA-4224-84C9-6F70CBF8399E}.Release|Any CPU.Build.0 = Release|Any CPU
		{3247BAA7-5CBA-4224-84C9-6F70CBF8399E}.Release|Any CPU.Deploy.0 = Release|Any CPU
		{4E66CB8C-8B0C-42C5-BF1F-87977D939B10}.Debug|Any CPU.ActiveCfg = Debug
		{4E66CB8C-8B0C-42C5-BF1F-87977D939B10}.Debug|Any CPU.Build.0 = Debug
		{4E66CB8C-8B0C-42C5-BF1F-87977D939B10}.Release|Any CPU.ActiveCfg = Release
	EndGlobalSection
	GlobalSection(SolutionProperties) = preSolution
		HideSolutionNode = FALSE
	EndGlobalSection
EndGlobal
